{
  "name": "vietnamese",
  "version": "0.3.0",
  "lockfileVersion": 3,
  "requires": true,
  "packages": {
    "": {
      "name": "vietnamese",
      "version": "0.3.0",
      "private": true,
      "description": "Collect vocabulary, grammar and resources to learn Vietnamese.",
      "type": "module",
      "engines": {
        "node": ">=20"
      },
      "dependencies": {
        "astro": "^4.16.8"
      }
    },
    "node_modules/astro": {
      "version": "4.16.8",
      "resolved": "https://registry.npmjs.org/astro/-/astro-4.16.8.tgz",
      "integrity": "sha512-lXkQlIKb3lZLEgN9zyJF0qBYXzSVE/FRt11fVx27ShzFYDe7AZhEJ2jPy33YDiHRULAB3MnHTFh5t44UE5Gvhw==",
      "engines": {
        "node": ">=18.17.1",
        "npm": ">=9.6.5"
      },
      "dependencies": {
        "@astrojs/internal-helpers": "0.4.1",
        "@babel/core": "^7.24.5",
        "@babel/parser": "^7.24.5",
        "@babel/plugin-transform-typescript": "^7.24.5",
        "@babel/types": "^7.24.5",
        "@types/cookie": "^0.5.4",
        "@types/debug": "^4.1.12",
        "@types/estree": "^1.0.5",
        "@types/html-minifier-terser": "^6.1.2",
        "@types/js-yaml": "^4.0.9",
        "@types/node": "^20.12.5",
        "@types/resolve": "^1.20.6",
        "acorn": "^8.11.3",
        "browserslist": "^4.23.0",
        "c12": "^1.11.1",
        "chokidar": "^3.6.0",
        "clsx": "^2.1.1",
        "cookie": "^0.5.0",
        "debug": "^4.3.4",
        "devalue": "^4.3.2",
        "esbuild": "^0.28.2",
        "estree-util-visit": "^2.0.0",
        "execa": "^8.0.1",
        "fast-glob": "^3.3.2",
        "fs-extra": "^11.2.0",
        "getenv": "^1.0.0",
        "gray-matter": "^4.0.3",
        "html-minifier-terser": "^6.1.0",
        "http-cache-semantics": "^4.1.1",
        "js-yaml": "^4.1.0",
        "kleur": "^4.1.5",
        "magic-string": "^0.30.10",
        "mime": "^4.0.1",
        "p-queue": "^4.4.1",
        "p-retry": "^6.2.0",
        "path-to-regexp": "^6.2.1",
        "postcss": "^8.4.38",
        "prompts": "^2.4.2",
        "rehype-parse": "^9.0.0",
        "resolve": "^1.22.8",
        "semver": "^7.6.0",
        "shiki": "^0.14.7",
        "tsconfck": "^3.1.6",
        "vfile": "^6.0.1"
      }
    },
    "node_modules/esbuild": {
      "version": "0.28.2",
      "resolved": "https://registry.npmjs.org/esbuild/-/esbuild-0.28.2.tgz",
      "integrity": "sha512-sIFkPwjlvI8YvvCYOu9hVMXGqw6tKL84GlHVFdgH/nzYp5fE8b+r18MQwRFwP+Vg8EJAOZTIgHdxL4x6e2pCbw==",
      "hasInstallScript": true,
      "engines": {
        "node": ">=16"
      },
      "optionalDependencies": {
        "@esbuild/aix-ppc64": "0.28.2",
        "@esbuild/android-arm": "0.28.2",
        "@esbuild/android-arm64": "0.28.2",
        "@esbuild/android-x64": "0.28.2",
        "@esbuild/darwin-arm64": "0.28.2",
        "@esbuild/darwin-x64": "0.28.2",
        "@esbuild/freebsd-arm64": "0.28.2",
        "@esbuild/freebsd-x64": "0.28.2",
        "@esbuild/linux-arm": "0.28.2",
        "@esbuild/linux-arm64": "0.28.2",
        "@esbuild/linux-ia32": "0.28.2",
        "@esbuild/linux-loong64": "0.28.2",
        "@esbuild/linux-mips64el": "0.28.2",
        "@esbuild/linux-ppc64": "0.28.2",
        "@esbuild/linux-riscv64": "0.28.2",
        "@esbuild/linux-s390x": "0.28.2",
        "@esbuild/linux-x64": "0.28.2",
        "@esbuild/netbsd-x64": "0.28.2",
        "@esbuild/openbsd-arm64": "0.28.2",
        "@esbuild/openbsd-x64": "0.28.2",
        "@esbuild/sunos-x64": "0.28.2",
        "@esbuild/win32-arm64": "0.28.2",
        "@esbuild/win32-ia32": "0.28.2",
        "@esbuild/win32-x64": "0.28.2"
      },
      "bin": {
        "esbuild": "bin/esbuild"
      }
    }
  }
}
